
Microsoft Visual Studio Solution File, Format Version 12.00
# Visual Studio 15
VisualStudioVersion = 15.0.27130.2024
MinimumVisualStudioVersion = 10.0.40219.1
Project("{FAE04EC0-301F-11D3-BF4B-00C04F79EFBC}") = "LanTopServer", "LanTopServer\LanTopServer.csproj", "{C37F72C9-6DBA-413F-A6A2-ADA0BBE1E7EC}"
EndProject
Project("{2150E333-8FDC-42A3-9474-1A3956D46DE8}") = "Solution Items", "Solution Items", "{BFCA3CD6-5A26-4DBD-8848-EFF1D1BD2C21}"
	ProjectSection(SolutionItems) = preProject
		lantop.sql = lantop.sql
	EndProjectSection
EndProject
Global
	GlobalSection(SolutionConfigurationPlatforms) = preSolution
		Debug|Any CPU = Debug|Any CPU
		Release|Any CPU = Release|Any CPU
	EndGlobalSection
	GlobalSection(ProjectConfigurationPlatforms) = postSolution
		{C37F72C9-6DBA-413F-A6A2-ADA0BBE1E7EC}.Debug|Any CPU.ActiveCfg = Debug|Any CPU
		{C37F72C9-6DBA-413F-A6A2-ADA0BBE1E7EC}.Debug|Any CPU.Build.0 = Debug|Any CPU
		{C37F72C9-6DBA-413F-A6A2-ADA0BBE1E7EC}.Release|Any CPU.ActiveCfg = Release|Any CPU
		{C37F72C9-6DBA-413F-A6A2-ADA0BBE1E7EC}.Release|Any CPU.Build.0 = Release|Any CPU
	EndGlobalSection
	GlobalSection(SolutionProperties) = preSolution
		HideSolutionNode = FALSE
	EndGlobalSection
	GlobalSection(ExtensibilityGlobals) = postSolution
		SolutionGuid = {C6F1160B-7CAE-4266-8CEF-4C199E9B4599}
	EndGlobalSection
EndGlobal
